
Microsoft Visual Studio Solution File, Format Version 12.00
# Visual Studio Version 16
VisualStudioVersion = 16.0.30413.136
MinimumVisualStudioVersion = 10.0.40219.1
Project("{FAE04EC0-301F-11D3-BF4B-00C04F79EFBC}") = "AOS_Project", "AOS_Project\AOS_Project.csproj", "{BAC04A28-64BB-421D-A30F-A73E8B702EAE}"
EndProject
Global
	GlobalSection(SolutionConfigurationPlatforms) = preSolution
		Debug|Any CPU = Debug|Any CPU
		Release|Any CPU = Release|Any CPU
	EndGlobalSection
	GlobalSection(ProjectConfigurationPlatforms) = postSolution
		{BAC04A28-64BB-421D-A30F-A73E8B702EAE}.Debug|Any CPU.ActiveCfg = Debug|Any CPU
		{BAC04A28-64BB-421D-A30F-A73E8B702EAE}.Debug|Any CPU.Build.0 = Debug|Any CPU
		{BAC04A28-64BB-421D-A30F-A73E8B702EAE}.Release|Any CPU.ActiveCfg = Release|Any CPU
		{BAC04A28-64BB-421D-A30F-A73E8B702EAE}.Release|Any CPU.Build.0 = Release|Any CPU
	EndGlobalSection
	GlobalSection(SolutionProperties) = preSolution
		HideSolutionNode = FALSE
	EndGlobalSection
	GlobalSection(ExtensibilityGlobals) = postSolution
		SolutionGuid = {61278000-4AB5-444A-B44A-6A7190712398}
	EndGlobalSection
EndGlobal
